Microsoft Visual Studio Solution File, Format Version 8.00
Project("{FAE04EC0-301F-11D3-BF4B-00C04F79EFBC}") = "folderindexer", "folderindexer.csproj", "{4D058411-A234-4456-99AD-3469BC285575}"
	ProjectSection(ProjectDependencies) = postProject
	EndProjectSection
EndProject
Global
	GlobalSection(SolutionConfiguration) = preSolution
		Debug = Debug
		Release = Release
	EndGlobalSection
	GlobalSection(ProjectConfiguration) = postSolution
		{4D058411-A234-4456-99AD-3469BC285575}.Debug.ActiveCfg = Debug|.NET
		{4D058411-A234-4456-99AD-3469BC285575}.Debug.Build.0 = Debug|.NET
		{4D058411-A234-4456-99AD-3469BC285575}.Release.ActiveCfg = Release|.NET
		{4D058411-A234-4456-99AD-3469BC285575}.Release.Build.0 = Release|.NET
	EndGlobalSection
	GlobalSection(ExtensibilityGlobals) = postSolution
	EndGlobalSection
	GlobalSection(ExtensibilityAddIns) = postSolution
	EndGlobalSection
EndGlobal
